
Microsoft Visual Studio Solution File, Format Version 12.00
# Visual Studio Version 17
VisualStudioVersion = 17.8.34227.203
MinimumVisualStudioVersion = 10.0.40219.1
Project("{9A19103F-16F7-4668-BE54-9A1E7A4F7556}") = "DrinkingPassionWebApp", "DrinkingPassionWebApp\DrinkingPassionWebApp.csproj", "{BF4893D6-E08F-4EBF-92FB-2CB524CFC230}"
EndProject
Global
	GlobalSection(SolutionConfigurationPlatforms) = preSolution
		Debug|Any CPU = Debug|Any CPU
		Release|Any CPU = Release|Any CPU
	EndGlobalSection
	GlobalSection(ProjectConfigurationPlatforms) = postSolution
		{BF4893D6-E08F-4EBF-92FB-2CB524CFC230}.Debug|Any CPU.ActiveCfg = Debug|Any CPU
		{BF4893D6-E08F-4EBF-92FB-2CB524CFC230}.Debug|Any CPU.Build.0 = Debug|Any CPU
		{BF4893D6-E08F-4EBF-92FB-2CB524CFC230}.Release|Any CPU.ActiveCfg = Release|Any CPU
		{BF4893D6-E08F-4EBF-92FB-2CB524CFC230}.Release|Any CPU.Build.0 = Release|Any CPU
	EndGlobalSection
	GlobalSection(SolutionProperties) = preSolution
		HideSolutionNode = FALSE
	EndGlobalSection
	GlobalSection(ExtensibilityGlobals) = postSolution
		SolutionGuid = {C4344B56-7E38-460C-8E4F-B3D0D008FF31}
	EndGlobalSection
EndGlobal
